
Microsoft Visual Studio Solution File, Format Version 12.00
# Visual Studio Version 16
VisualStudioVersion = 16.0.30204.135
MinimumVisualStudioVersion = 10.0.40219.1
Project("{FAE04EC0-301F-11D3-BF4B-00C04F79EFBC}") = "18 May Step Ders_", "18 May Step Ders_\18 May Step Ders_.csproj", "{A3FC170A-F276-4E1E-BA42-BBFE8A7BE86F}"
EndProject
Global
	GlobalSection(SolutionConfigurationPlatforms) = preSolution
		Debug|Any CPU = Debug|Any CPU
		Release|Any CPU = Release|Any CPU
	EndGlobalSection
	GlobalSection(ProjectConfigurationPlatforms) = postSolution
		{A3FC170A-F276-4E1E-BA42-BBFE8A7BE86F}.Debug|Any CPU.ActiveCfg = Debug|Any CPU
		{A3FC170A-F276-4E1E-BA42-BBFE8A7BE86F}.Debug|Any CPU.Build.0 = Debug|Any CPU
		{A3FC170A-F276-4E1E-BA42-BBFE8A7BE86F}.Release|Any CPU.ActiveCfg = Release|Any CPU
		{A3FC170A-F276-4E1E-BA42-BBFE8A7BE86F}.Release|Any CPU.Build.0 = Release|Any CPU
	EndGlobalSection
	GlobalSection(SolutionProperties) = preSolution
		HideSolutionNode = FALSE
	EndGlobalSection
	GlobalSection(ExtensibilityGlobals) = postSolution
		SolutionGuid = {CBC53A53-1927-4BC8-9BA6-EF7BBF93712B}
	EndGlobalSection
EndGlobal
